
Microsoft Visual Studio Solution File, Format Version 12.00
# Visual Studio Version 16
VisualStudioVersion = 25.0.1706.12
MinimumVisualStudioVersion = 10.0.40219.1
Project("{FAE04EC0-301F-11D3-BF4B-00C04F79EFBC}") = "Original.Sample.iOS", "Original.Sample.iOS.csproj", "{BDCB6D44-5C44-4AA9-9DE3-CD9507118AAB}"
EndProject
Global
	GlobalSection(SolutionConfigurationPlatforms) = preSolution
		Debug|Any CPU = Debug|Any CPU
		Release|Any CPU = Release|Any CPU
	EndGlobalSection
	GlobalSection(ProjectConfigurationPlatforms) = postSolution
		{BDCB6D44-5C44-4AA9-9DE3-CD9507118AAB}.Debug|Any CPU.ActiveCfg = Debug|Any CPU
		{BDCB6D44-5C44-4AA9-9DE3-CD9507118AAB}.Debug|Any CPU.Build.0 = Debug|Any CPU
		{BDCB6D44-5C44-4AA9-9DE3-CD9507118AAB}.Release|Any CPU.ActiveCfg = Release|Any CPU
		{BDCB6D44-5C44-4AA9-9DE3-CD9507118AAB}.Release|Any CPU.Build.0 = Release|Any CPU
	EndGlobalSection
	GlobalSection(SolutionProperties) = preSolution
		HideSolutionNode = FALSE
	EndGlobalSection
	GlobalSection(ExtensibilityGlobals) = postSolution
		SolutionGuid = {4AD59464-B438-4659-82FF-E6B758126E8A}
	EndGlobalSection
EndGlobal
